
Microsoft Visual Studio Solution File, Format Version 12.00
# Visual Studio Version 17
VisualStudioVersion = 17.14.36414.22 d17.14
MinimumVisualStudioVersion = 10.0.40219.1
Project("{FAE04EC0-301F-11D3-BF4B-00C04F79EFBC}") = "ConsoleApp1", "ConsoleApp1\ConsoleApp1.csproj", "{19DDF639-87D9-4508-BEEB-F5E95795226C}"
EndProject
Global
	GlobalSection(SolutionConfigurationPlatforms) = preSolution
		Debug|Any CPU = Debug|Any CPU
		Release|Any CPU = Release|Any CPU
	EndGlobalSection
	GlobalSection(ProjectConfigurationPlatforms) = postSolution
		{19DDF639-87D9-4508-BEEB-F5E95795226C}.Debug|Any CPU.ActiveCfg = Debug|Any CPU
		{19DDF639-87D9-4508-BEEB-F5E95795226C}.Debug|Any CPU.Build.0 = Debug|Any CPU
		{19DDF639-87D9-4508-BEEB-F5E95795226C}.Release|Any CPU.ActiveCfg = Release|Any CPU
		{19DDF639-87D9-4508-BEEB-F5E95795226C}.Release|Any CPU.Build.0 = Release|Any CPU
	EndGlobalSection
	GlobalSection(SolutionProperties) = preSolution
		HideSolutionNode = FALSE
	EndGlobalSection
	GlobalSection(ExtensibilityGlobals) = postSolution
		SolutionGuid = {2AD28355-50F5-48F2-B537-D839E1C0FC6A}
	EndGlobalSection
EndGlobal
