
Microsoft Visual Studio Solution File, Format Version 12.00
# Visual Studio Version 17
VisualStudioVersion = 17.14.36414.22 d17.14
MinimumVisualStudioVersion = 10.0.40219.1
Project("{FAE04EC0-301F-11D3-BF4B-00C04F79EFBC}") = "ConsoleApp1", "ConsoleApp1\ConsoleApp1.csproj", "{DB4E299A-AACE-4316-8EF1-465F61EF6568}"
EndProject
Global
	GlobalSection(SolutionConfigurationPlatforms) = preSolution
		Debug|Any CPU = Debug|Any CPU
		Release|Any CPU = Release|Any CPU
	EndGlobalSection
	GlobalSection(ProjectConfigurationPlatforms) = postSolution
		{DB4E299A-AACE-4316-8EF1-465F61EF6568}.Debug|Any CPU.ActiveCfg = Debug|Any CPU
		{DB4E299A-AACE-4316-8EF1-465F61EF6568}.Debug|Any CPU.Build.0 = Debug|Any CPU
		{DB4E299A-AACE-4316-8EF1-465F61EF6568}.Release|Any CPU.ActiveCfg = Release|Any CPU
		{DB4E299A-AACE-4316-8EF1-465F61EF6568}.Release|Any CPU.Build.0 = Release|Any CPU
	EndGlobalSection
	GlobalSection(SolutionProperties) = preSolution
		HideSolutionNode = FALSE
	EndGlobalSection
	GlobalSection(ExtensibilityGlobals) = postSolution
		SolutionGuid = {B01B496F-1695-48CB-A16A-8602F81964CF}
	EndGlobalSection
EndGlobal
