
Microsoft Visual Studio Solution File, Format Version 12.00
# Visual Studio Version 17
VisualStudioVersion = 17.14.36414.22 d17.14
MinimumVisualStudioVersion = 10.0.40219.1
Project("{FAE04EC0-301F-11D3-BF4B-00C04F79EFBC}") = "ConsoleApp1", "ConsoleApp1\ConsoleApp1.csproj", "{0CD39806-D94D-4BF6-9303-1D67C76B7718}"
EndProject
Global
	GlobalSection(SolutionConfigurationPlatforms) = preSolution
		Debug|Any CPU = Debug|Any CPU
		Release|Any CPU = Release|Any CPU
	EndGlobalSection
	GlobalSection(ProjectConfigurationPlatforms) = postSolution
		{0CD39806-D94D-4BF6-9303-1D67C76B7718}.Debug|Any CPU.ActiveCfg = Debug|Any CPU
		{0CD39806-D94D-4BF6-9303-1D67C76B7718}.Debug|Any CPU.Build.0 = Debug|Any CPU
		{0CD39806-D94D-4BF6-9303-1D67C76B7718}.Release|Any CPU.ActiveCfg = Release|Any CPU
		{0CD39806-D94D-4BF6-9303-1D67C76B7718}.Release|Any CPU.Build.0 = Release|Any CPU
	EndGlobalSection
	GlobalSection(SolutionProperties) = preSolution
		HideSolutionNode = FALSE
	EndGlobalSection
	GlobalSection(ExtensibilityGlobals) = postSolution
		SolutionGuid = {A319581B-B8BC-4274-A7E5-0DC4D9448F40}
	EndGlobalSection
EndGlobal
