
Microsoft Visual Studio Solution File, Format Version 12.00
# Visual Studio Version 17
VisualStudioVersion = 17.14.36414.22 d17.14
MinimumVisualStudioVersion = 10.0.40219.1
Project("{FAE04EC0-301F-11D3-BF4B-00C04F79EFBC}") = "Задание 1", "Задание 1.csproj", "{EB37003E-33B8-46FB-BA7D-CEF4BE2290D3}"
EndProject
Global
	GlobalSection(SolutionConfigurationPlatforms) = preSolution
		Debug|Any CPU = Debug|Any CPU
		Release|Any CPU = Release|Any CPU
	EndGlobalSection
	GlobalSection(ProjectConfigurationPlatforms) = postSolution
		{EB37003E-33B8-46FB-BA7D-CEF4BE2290D3}.Debug|Any CPU.ActiveCfg = Debug|Any CPU
		{EB37003E-33B8-46FB-BA7D-CEF4BE2290D3}.Debug|Any CPU.Build.0 = Debug|Any CPU
		{EB37003E-33B8-46FB-BA7D-CEF4BE2290D3}.Release|Any CPU.ActiveCfg = Release|Any CPU
		{EB37003E-33B8-46FB-BA7D-CEF4BE2290D3}.Release|Any CPU.Build.0 = Release|Any CPU
	EndGlobalSection
	GlobalSection(SolutionProperties) = preSolution
		HideSolutionNode = FALSE
	EndGlobalSection
	GlobalSection(ExtensibilityGlobals) = postSolution
		SolutionGuid = {A20A8371-295C-4ADD-93DB-DD8C5E2AB546}
	EndGlobalSection
EndGlobal
